
Microsoft Visual Studio Solution File, Format Version 12.00
# Visual Studio Version 16
VisualStudioVersion = 16.0.31410.357
MinimumVisualStudioVersion = 10.0.40219.1
Project("{FAE04EC0-301F-11D3-BF4B-00C04F79EFBC}") = "PractiseArray", "PractiseArray\PractiseArray.csproj", "{7CFD9910-F3A1-4495-9F02-DC4D39DDA66B}"
EndProject
Global
	GlobalSection(SolutionConfigurationPlatforms) = preSolution
		Debug|Any CPU = Debug|Any CPU
		Release|Any CPU = Release|Any CPU
	EndGlobalSection
	GlobalSection(ProjectConfigurationPlatforms) = postSolution
		{7CFD9910-F3A1-4495-9F02-DC4D39DDA66B}.Debug|Any CPU.ActiveCfg = Debug|Any CPU
		{7CFD9910-F3A1-4495-9F02-DC4D39DDA66B}.Debug|Any CPU.Build.0 = Debug|Any CPU
		{7CFD9910-F3A1-4495-9F02-DC4D39DDA66B}.Release|Any CPU.ActiveCfg = Release|Any CPU
		{7CFD9910-F3A1-4495-9F02-DC4D39DDA66B}.Release|Any CPU.Build.0 = Release|Any CPU
	EndGlobalSection
	GlobalSection(SolutionProperties) = preSolution
		HideSolutionNode = FALSE
	EndGlobalSection
	GlobalSection(ExtensibilityGlobals) = postSolution
		SolutionGuid = {35B9A437-556D-4767-902D-07C94DA56DFB}
	EndGlobalSection
EndGlobal
